
Microsoft Visual Studio Solution File, Format Version 12.00
# Visual Studio Version 17
VisualStudioVersion = 17.0.31903.59
MinimumVisualStudioVersion = 10.0.40219.1
Project("{FAE04EC0-301F-11D3-BF4B-00C04F79EFBC}") = "API", "API\API.csproj", "{7AAACED1-6EE0-4C01-8DE6-544DBCC82A40}"
EndProject
Project("{FAE04EC0-301F-11D3-BF4B-00C04F79EFBC}") = "Core", "Core\Core.csproj", "{26C4DA74-F96E-47DC-9BCC-019678187661}"
EndProject
Project("{FAE04EC0-301F-11D3-BF4B-00C04F79EFBC}") = "Infrastructure", "Infrastructure\Infrastructure.csproj", "{96BE3C00-2D58-489B-8A10-9052376E7B55}"
EndProject
Global
	GlobalSection(SolutionConfigurationPlatforms) = preSolution
		Debug|Any CPU = Debug|Any CPU
		Release|Any CPU = Release|Any CPU
	EndGlobalSection
	GlobalSection(SolutionProperties) = preSolution
		HideSolutionNode = FALSE
	EndGlobalSection
	GlobalSection(ProjectConfigurationPlatforms) = postSolution
		{7AAACED1-6EE0-4C01-8DE6-544DBCC82A40}.Debug|Any CPU.ActiveCfg = Debug|Any CPU
		{7AAACED1-6EE0-4C01-8DE6-544DBCC82A40}.Debug|Any CPU.Build.0 = Debug|Any CPU
		{7AAACED1-6EE0-4C01-8DE6-544DBCC82A40}.Release|Any CPU.ActiveCfg = Release|Any CPU
		{7AAACED1-6EE0-4C01-8DE6-544DBCC82A40}.Release|Any CPU.Build.0 = Release|Any CPU
		{26C4DA74-F96E-47DC-9BCC-019678187661}.Debug|Any CPU.ActiveCfg = Debug|Any CPU
		{26C4DA74-F96E-47DC-9BCC-019678187661}.Debug|Any CPU.Build.0 = Debug|Any CPU
		{26C4DA74-F96E-47DC-9BCC-019678187661}.Release|Any CPU.ActiveCfg = Release|Any CPU
		{26C4DA74-F96E-47DC-9BCC-019678187661}.Release|Any CPU.Build.0 = Release|Any CPU
		{96BE3C00-2D58-489B-8A10-9052376E7B55}.Debug|Any CPU.ActiveCfg = Debug|Any CPU
		{96BE3C00-2D58-489B-8A10-9052376E7B55}.Debug|Any CPU.Build.0 = Debug|Any CPU
		{96BE3C00-2D58-489B-8A10-9052376E7B55}.Release|Any CPU.ActiveCfg = Release|Any CPU
		{96BE3C00-2D58-489B-8A10-9052376E7B55}.Release|Any CPU.Build.0 = Release|Any CPU
	EndGlobalSection
EndGlobal
